{
  "version": 4,
  "terraform_version": "1.5.0",
  "serial": 10,
  "lineage": "6c901c0c-29bd-ba9a-c1ee-1cb23d555094",
  "outputs": {},
  "resources": [
    {
      "mode": "managed",
      "type": "aws_sagemaker_notebook_instance",
      "name": "ni",
      "provider": "provider[\"registry.terraform.io/hashicorp/aws\"]",
      "instances": [
        {
          "schema_version": 0,
          "attributes": {
            "accelerator_types": null,
            "additional_code_repositories": null,
            "arn": "arn:aws:sagemaker:us-west-2:575773971780:notebook-instance/my-notebook-instance",
            "default_code_repository": "",
            "direct_internet_access": "Enabled",
            "id": "my-notebook-instance",
            "instance_metadata_service_configuration": [
              {
                "minimum_instance_metadata_service_version": "2"
              }
            ],
            "instance_type": "ml.t2.medium",
            "kms_key_id": "",
            "lifecycle_config_name": "",
            "name": "my-notebook-instance",
            "network_interface_id": "",
            "platform_identifier": "notebook-al2-v2",
            "role_arn": "arn:aws:iam::575773971780:role/sagemaker-role",
            "root_access": "Enabled",
            "security_groups": [],
            "subnet_id": "",
            "tags": {
              "Name": "foo"
            },
            "tags_all": {
              "Name": "foo"
            },
            "url": "my-notebook-instance-kxjg.notebook.us-west-2.sagemaker.aws",
            "volume_size": 5
          },
          "sensitive_attributes": [],
          "private": "bnVsbA=="
        }
      ]
    }
  ],
  "check_results": null
}
