{
  "version": 4,
  "terraform_version": "1.5.0",
  "serial": 8,
  "lineage": "5a17cd42-a0f2-228b-db7b-10c37247cb2c",
  "outputs": {},
  "resources": [
    {
      "mode": "managed",
      "type": "aws_sagemaker_endpoint",
      "name": "sagemaker_endpoint",
      "provider": "provider[\"registry.terraform.io/hashicorp/aws\"]",
      "instances": [
        {
          "status": "tainted",
          "schema_version": 0,
          "attributes": {
            "arn": null,
            "deployment_config": [],
            "endpoint_config_name": "sagemaker-endpoint-configuration-sklearn",
            "id": "sagemaker-endpoint-sklearn",
            "name": "sagemaker-endpoint-sklearn",
            "tags": {
              "Name": "sagemaker-endpoint-terraform"
            },
            "tags_all": {
              "Name": "sagemaker-endpoint-terraform"
            }
          },
          "sensitive_attributes": [],
          "private": "bnVsbA==",
          "dependencies": [
            "aws_sagemaker_endpoint_configuration.sagemaker_endpoint_configuration"
          ]
        }
      ]
    },
    {
      "mode": "managed",
      "type": "aws_sagemaker_endpoint_configuration",
      "name": "sagemaker_endpoint_configuration",
      "provider": "provider[\"registry.terraform.io/hashicorp/aws\"]",
      "instances": [
        {
          "schema_version": 0,
          "attributes": {
            "arn": "arn:aws:sagemaker:us-west-2:575773971780:endpoint-config/sagemaker-endpoint-configuration-sklearn",
            "async_inference_config": [],
            "data_capture_config": [],
            "id": "sagemaker-endpoint-configuration-sklearn",
            "kms_key_arn": "",
            "name": "sagemaker-endpoint-configuration-sklearn",
            "name_prefix": "",
            "production_variants": [
              {
                "accelerator_type": "",
                "container_startup_health_check_timeout_in_seconds": 0,
                "core_dump_config": [],
                "enable_ssm_access": false,
                "initial_instance_count": 1,
                "initial_variant_weight": 1,
                "instance_type": "ml.m5.xlarge",
                "model_data_download_timeout_in_seconds": 0,
                "model_name": "sagemaker-model-sklearn",
                "serverless_config": [],
                "variant_name": "AllTraffic",
                "volume_size_in_gb": 0
              }
            ],
            "shadow_production_variants": [],
            "tags": {
              "Name": "sagemaker-endpoint-configuration-terraform"
            },
            "tags_all": {
              "Name": "sagemaker-endpoint-configuration-terraform"
            }
          },
          "sensitive_attributes": [],
          "private": "bnVsbA==",
          "dependencies": [
            "aws_sagemaker_model.sagemaker_model"
          ]
        }
      ]
    },
    {
      "mode": "managed",
      "type": "aws_sagemaker_model",
      "name": "sagemaker_model",
      "provider": "provider[\"registry.terraform.io/hashicorp/aws\"]",
      "instances": [
        {
          "schema_version": 0,
          "attributes": {
            "arn": "arn:aws:sagemaker:us-west-2:575773971780:model/sagemaker-model-sklearn",
            "container": [],
            "enable_network_isolation": false,
            "execution_role_arn": "arn:aws:iam::575773971780:role/service-role/AmazonSageMaker-ExecutionRole-20230704T095800",
            "id": "sagemaker-model-sklearn",
            "inference_execution_config": [],
            "name": "sagemaker-model-sklearn",
            "primary_container": [
              {
                "container_hostname": "",
                "environment": {
                  "SAGEMAKER_PROGRAM": "inference.py",
                  "SAGEMAKER_SUBMIT_DIRECTORY": "s3://sagemaker-us-west-2-575773971780/sagemaker-scikit-learn-2023-07-04-04-55-31-871/output/model.tar.gz"
                },
                "image": "575773971780.dkr.ecr.us-west-2.amazonaws.com/mlmodel:latest",
                "image_config": [],
                "mode": "SingleModel",
                "model_data_url": "s3://sagemaker-us-west-2-575773971780/sagemaker-scikit-learn-2023-07-04-04-55-31-871/output/model.tar.gz",
                "model_package_name": ""
              }
            ],
            "tags": {},
            "tags_all": {},
            "vpc_config": []
          },
          "sensitive_attributes": [],
          "private": "bnVsbA=="
        }
      ]
    }
  ],
  "check_results": null
}
